{
  "nodes": {
    "committer": {
      "flake": false,
      "locked": {
        "lastModified": 1772917102,
        "narHash": "sha256-kKmUluFmkdeDjUHrxo0Wtlt3v8pXJykiAADuAzbLCzA=",
        "ref": "main",
        "rev": "1db4bdf5038c5cdf5f6018d9da38b80ba8a38523",
        "revCount": 6,
        "type": "git",
        "url": "https://github.com/Alb-O/committer.git"
      },
      "original": {
        "ref": "main",
        "type": "git",
        "url": "https://github.com/Alb-O/committer.git"
      }
    },
    "devenv": {
      "locked": {
        "dir": "src/modules",
        "lastModified": 1772909021,
        "narHash": "sha256-XardsHAeueL09beWx7Z6g0Rb8GZyg5cYz4wqpOkAhcw=",
        "owner": "cachix",
        "repo": "devenv",
        "rev": "ff810b7556261e3034f3a8f7006acdb7ff9b26b2",
        "type": "github"
      },
      "original": {
        "dir": "src/modules",
        "owner": "cachix",
        "repo": "devenv",
        "type": "github"
      }
    },
    "materializer": {
      "flake": false,
      "locked": {
        "lastModified": 1772917102,
        "narHash": "sha256-AF6/0UrwMHtd6OC8RKNM8Fac0/apkzgLJOeawflezKg=",
        "ref": "main",
        "rev": "41b566f8e4503b3c9e97acf5c0fa8170d90d13fd",
        "revCount": 5,
        "type": "git",
        "url": "https://github.com/Alb-O/materializer.git"
      },
      "original": {
        "ref": "main",
        "type": "git",
        "url": "https://github.com/Alb-O/materializer.git"
      }
    },
    "nixpkgs": {
      "inputs": {
        "nixpkgs-src": "nixpkgs-src"
      },
      "locked": {
        "lastModified": 1772749504,
        "narHash": "sha256-eqtQIz0alxkQPym+Zh/33gdDjkkch9o6eHnMPnXFXN0=",
        "owner": "cachix",
        "repo": "devenv-nixpkgs",
        "rev": "08543693199362c1fddb8f52126030d0d374ba2e",
        "type": "github"
      },
      "original": {
        "owner": "cachix",
        "ref": "rolling",
        "repo": "devenv-nixpkgs",
        "type": "github"
      }
    },
    "nixpkgs-src": {
      "flake": false,
      "locked": {
        "lastModified": 1772173633,
        "narHash": "sha256-MOH58F4AIbCkh6qlQcwMycyk5SWvsqnS/TCfnqDlpj4=",
        "owner": "NixOS",
        "repo": "nixpkgs",
        "rev": "c0f3d81a7ddbc2b1332be0d8481a672b4f6004d6",
        "type": "github"
      },
      "original": {
        "owner": "NixOS",
        "ref": "nixpkgs-unstable",
        "repo": "nixpkgs",
        "type": "github"
      }
    },
    "root": {
      "inputs": {
        "committer": "committer",
        "devenv": "devenv",
        "materializer": "materializer",
        "nixpkgs": "nixpkgs",
        "rust-overlay": "rust-overlay"
      }
    },
    "rust-overlay": {
      "inputs": {
        "nixpkgs": [
          "nixpkgs"
        ]
      },
      "locked": {
        "lastModified": 1772852295,
        "narHash": "sha256-3FB/WzLZSiU2Mc50C9q9VXU1LRUZbsU6UHKmZG1C+hU=",
        "owner": "oxalica",
        "repo": "rust-overlay",
        "rev": "c10801f59c68e14c308aea8fa6b0b3d81d43c61e",
        "type": "github"
      },
      "original": {
        "owner": "oxalica",
        "repo": "rust-overlay",
        "type": "github"
      }
    }
  },
  "root": "root",
  "version": 7
}